// !$*UTF8*$!
{
	archiveVersion = 1;
	classes = {
	};
	objectVersion = 46;
	objects = {

/* Begin PBXBuildFile section */
		FC0ED3FD1DE96A620083B8F1 /* LRLVideoPlayViewController.m in Sources */ = {isa = PBXBuildFile; fileRef = FC0ED3FC1DE96A620083B8F1 /* LRLVideoPlayViewController.m */; };
		FC2EFBC21BAA8B2900D9F3DF /* AVFoundation.framework in Frameworks */ = {isa = PBXBuildFile; fileRef = FC2EFBC11BAA8B2900D9F3DF /* AVFoundation.framework */; };
		FC51F1391BFC1A5E00E5BDA6 /* AppDelegate.m in Sources */ = {isa = PBXBuildFile; fileRef = FC51F1021BFC1A5E00E5BDA6 /* AppDelegate.m */; };
		FC51F13A1BFC1A5E00E5BDA6 /* LaunchScreen.xib in Resources */ = {isa = PBXBuildFile; fileRef = FC51F1031BFC1A5E00E5BDA6 /* LaunchScreen.xib */; };
		FC51F13B1BFC1A5E00E5BDA6 /* BaseNavViewController.m in Sources */ = {isa = PBXBuildFile; fileRef = FC51F1071BFC1A5E00E5BDA6 /* BaseNavViewController.m */; };
		FC51F13C1BFC1A5E00E5BDA6 /* LRLAVPlayerController.m in Sources */ = {isa = PBXBuildFile; fileRef = FC51F1091BFC1A5E00E5BDA6 /* LRLAVPlayerController.m */; };
		FC51F13D1BFC1A5E00E5BDA6 /* LRLAVPlayerController.xib in Resources */ = {isa = PBXBuildFile; fileRef = FC51F10A1BFC1A5E00E5BDA6 /* LRLAVPlayerController.xib */; };
		FC51F13E1BFC1A5E00E5BDA6 /* TestViewController.m in Sources */ = {isa = PBXBuildFile; fileRef = FC51F10C1BFC1A5E00E5BDA6 /* TestViewController.m */; };
		FC51F13F1BFC1A5E00E5BDA6 /* TestViewController.xib in Resources */ = {isa = PBXBuildFile; fileRef = FC51F10D1BFC1A5E00E5BDA6 /* TestViewController.xib */; };
		FC51F1401BFC1A5E00E5BDA6 /* Images.xcassets in Resources */ = {isa = PBXBuildFile; fileRef = FC51F10E1BFC1A5E00E5BDA6 /* Images.xcassets */; };
		FC51F1421BFC1A5E00E5BDA6 /* LRLAVPlayerTool.m in Sources */ = {isa = PBXBuildFile; fileRef = FC51F1131BFC1A5E00E5BDA6 /* LRLAVPlayerTool.m */; };
		FC51F1441BFC1A5E00E5BDA6 /* LRLVideoPlayerView.xib in Resources */ = {isa = PBXBuildFile; fileRef = FC51F1161BFC1A5E00E5BDA6 /* LRLVideoPlayerView.xib */; };
		FC51F1451BFC1A5E00E5BDA6 /* LRLLightView.m in Sources */ = {isa = PBXBuildFile; fileRef = FC51F1181BFC1A5E00E5BDA6 /* LRLLightView.m */; };
		FC51F1461BFC1A5E00E5BDA6 /* LRLLightView.xib in Resources */ = {isa = PBXBuildFile; fileRef = FC51F1191BFC1A5E00E5BDA6 /* LRLLightView.xib */; };
		FC51F1471BFC1A5E00E5BDA6 /* TimeSheetView.m in Sources */ = {isa = PBXBuildFile; fileRef = FC51F11B1BFC1A5E00E5BDA6 /* TimeSheetView.m */; };
		FC51F1481BFC1A5E00E5BDA6 /* TimeSheetView.xib in Resources */ = {isa = PBXBuildFile; fileRef = FC51F11C1BFC1A5E00E5BDA6 /* TimeSheetView.xib */; };
		FC51F1491BFC1A5E00E5BDA6 /* main.m in Sources */ = {isa = PBXBuildFile; fileRef = FC51F11D1BFC1A5E00E5BDA6 /* main.m */; };
		FC51F14B1BFC1A5E00E5BDA6 /* MASCompositeConstraint.m in Sources */ = {isa = PBXBuildFile; fileRef = FC51F1211BFC1A5E00E5BDA6 /* MASCompositeConstraint.m */; };
		FC51F14C1BFC1A5E00E5BDA6 /* MASConstraint.m in Sources */ = {isa = PBXBuildFile; fileRef = FC51F1241BFC1A5E00E5BDA6 /* MASConstraint.m */; };
		FC51F14D1BFC1A5E00E5BDA6 /* MASConstraintMaker.m in Sources */ = {isa = PBXBuildFile; fileRef = FC51F1261BFC1A5E00E5BDA6 /* MASConstraintMaker.m */; };
		FC51F14E1BFC1A5E00E5BDA6 /* MASLayoutConstraint.m in Sources */ = {isa = PBXBuildFile; fileRef = FC51F1281BFC1A5E00E5BDA6 /* MASLayoutConstraint.m */; };
		FC51F14F1BFC1A5E00E5BDA6 /* MASViewAttribute.m in Sources */ = {isa = PBXBuildFile; fileRef = FC51F12C1BFC1A5E00E5BDA6 /* MASViewAttribute.m */; };
		FC51F1501BFC1A5E00E5BDA6 /* MASViewConstraint.m in Sources */ = {isa = PBXBuildFile; fileRef = FC51F12E1BFC1A5E00E5BDA6 /* MASViewConstraint.m */; };
		FC51F1511BFC1A5E00E5BDA6 /* NSArray+MASAdditions.m in Sources */ = {isa = PBXBuildFile; fileRef = FC51F1301BFC1A5E00E5BDA6 /* NSArray+MASAdditions.m */; };
		FC51F1521BFC1A5E00E5BDA6 /* NSLayoutConstraint+MASDebugAdditions.m in Sources */ = {isa = PBXBuildFile; fileRef = FC51F1331BFC1A5E00E5BDA6 /* NSLayoutConstraint+MASDebugAdditions.m */; };
		FC51F1531BFC1A5E00E5BDA6 /* View+MASAdditions.m in Sources */ = {isa = PBXBuildFile; fileRef = FC51F1351BFC1A5E00E5BDA6 /* View+MASAdditions.m */; };
		FC51F1541BFC1A5E00E5BDA6 /* ViewController+MASAdditions.m in Sources */ = {isa = PBXBuildFile; fileRef = FC51F1381BFC1A5E00E5BDA6 /* ViewController+MASAdditions.m */; };
		FCDECECE1CC53CAC008B6BD8 /* LRLVideoPlayerView.m in Sources */ = {isa = PBXBuildFile; fileRef = FCDECECD1CC53CAC008B6BD8 /* LRLVideoPlayerView.m */; };
/* End PBXBuildFile section */

/* Begin PBXFileReference section */
		FC0ED3FB1DE96A620083B8F1 /* LRLVideoPlayViewController.h */ = {isa = PBXFileReference; fileEncoding = 4; lastKnownFileType = sourcecode.c.h; path = LRLVideoPlayViewController.h; sourceTree = "<group>"; };
		FC0ED3FC1DE96A620083B8F1 /* LRLVideoPlayViewController.m */ = {isa = PBXFileReference; fileEncoding = 4; lastKnownFileType = sourcecode.c.objc; path = LRLVideoPlayViewController.m; sourceTree = "<group>"; };
		FC2EFBC11BAA8B2900D9F3DF /* AVFoundation.framework */ = {isa = PBXFileReference; lastKnownFileType = wrapper.framework; name = AVFoundation.framework; path = System/Library/Frameworks/AVFoundation.framework; sourceTree = SDKROOT; };
		FC3110F61BA139AA008CA952 /* LRLAVPlayerDemo.app */ = {isa = PBXFileReference; explicitFileType = wrapper.application; includeInIndex = 0; path = LRLAVPlayerDemo.app; sourceTree = BUILT_PRODUCTS_DIR; };
		FC51F1011BFC1A5E00E5BDA6 /* AppDelegate.h */ = {isa = PBXFileReference; fileEncoding = 4; lastKnownFileType = sourcecode.c.h; path = AppDelegate.h; sourceTree = "<group>"; };
		FC51F1021BFC1A5E00E5BDA6 /* AppDelegate.m */ = {isa = PBXFileReference; fileEncoding = 4; lastKnownFileType = sourcecode.c.objc; path = AppDelegate.m; sourceTree = "<group>"; };
		FC51F1041BFC1A5E00E5BDA6 /* Base */ = {isa = PBXFileReference; lastKnownFileType = file.xib; name = Base; path = Base.lproj/LaunchScreen.xib; sourceTree = "<group>"; };
		FC51F1061BFC1A5E00E5BDA6 /* BaseNavViewController.h */ = {isa = PBXFileReference; fileEncoding = 4; lastKnownFileType = sourcecode.c.h; path = BaseNavViewController.h; sourceTree = "<group>"; };
		FC51F1071BFC1A5E00E5BDA6 /* BaseNavViewController.m */ = {isa = PBXFileReference; fileEncoding = 4; lastKnownFileType = sourcecode.c.objc; path = BaseNavViewController.m; sourceTree = "<group>"; };
		FC51F1081BFC1A5E00E5BDA6 /* LRLAVPlayerController.h */ = {isa = PBXFileReference; fileEncoding = 4; lastKnownFileType = sourcecode.c.h; path = LRLAVPlayerController.h; sourceTree = "<group>"; };
		FC51F1091BFC1A5E00E5BDA6 /* LRLAVPlayerController.m */ = {isa = PBXFileReference; fileEncoding = 4; lastKnownFileType = sourcecode.c.objc; path = LRLAVPlayerController.m; sourceTree = "<group>"; };
		FC51F10A1BFC1A5E00E5BDA6 /* LRLAVPlayerController.xib */ = {isa = PBXFileReference; fileEncoding = 4; lastKnownFileType = file.xib; path = LRLAVPlayerController.xib; sourceTree = "<group>"; };
		FC51F10B1BFC1A5E00E5BDA6 /* TestViewController.h */ = {isa = PBXFileReference; fileEncoding = 4; lastKnownFileType = sourcecode.c.h; path = TestViewController.h; sourceTree = "<group>"; };
		FC51F10C1BFC1A5E00E5BDA6 /* TestViewController.m */ = {isa = PBXFileReference; fileEncoding = 4; lastKnownFileType = sourcecode.c.objc; path = TestViewController.m; sourceTree = "<group>"; };
		FC51F10D1BFC1A5E00E5BDA6 /* TestViewController.xib */ = {isa = PBXFileReference; fileEncoding = 4; lastKnownFileType = file.xib; path = TestViewController.xib; sourceTree = "<group>"; };
		FC51F10E1BFC1A5E00E5BDA6 /* Images.xcassets */ = {isa = PBXFileReference; lastKnownFileType = folder.assetcatalog; path = Images.xcassets; sourceTree = "<group>"; };
		FC51F10F1BFC1A5E00E5BDA6 /* Info.plist */ = {isa = PBXFileReference; fileEncoding = 4; lastKnownFileType = text.plist.xml; path = Info.plist; sourceTree = "<group>"; };
		FC51F1111BFC1A5E00E5BDA6 /* LRLAVPlayerDefine.h */ = {isa = PBXFileReference; fileEncoding = 4; lastKnownFileType = sourcecode.c.h; path = LRLAVPlayerDefine.h; sourceTree = "<group>"; };
		FC51F1121BFC1A5E00E5BDA6 /* LRLAVPlayerTool.h */ = {isa = PBXFileReference; fileEncoding = 4; lastKnownFileType = sourcecode.c.h; path = LRLAVPlayerTool.h; sourceTree = "<group>"; };
		FC51F1131BFC1A5E00E5BDA6 /* LRLAVPlayerTool.m */ = {isa = PBXFileReference; fileEncoding = 4; lastKnownFileType = sourcecode.c.objc; path = LRLAVPlayerTool.m; sourceTree = "<group>"; };
		FC51F1141BFC1A5E00E5BDA6 /* LRLVideoPlayerView.h */ = {isa = PBXFileReference; fileEncoding = 4; lastKnownFileType = sourcecode.c.h; path = LRLVideoPlayerView.h; sourceTree = "<group>"; };
		FC51F1161BFC1A5E00E5BDA6 /* LRLVideoPlayerView.xib */ = {isa = PBXFileReference; fileEncoding = 4; lastKnownFileType = file.xib; path = LRLVideoPlayerView.xib; sourceTree = "<group>"; };
		FC51F1171BFC1A5E00E5BDA6 /* LRLLightView.h */ = {isa = PBXFileReference; fileEncoding = 4; lastKnownFileType = sourcecode.c.h; path = LRLLightView.h; sourceTree = "<group>"; };
		FC51F1181BFC1A5E00E5BDA6 /* LRLLightView.m */ = {isa = PBXFileReference; fileEncoding = 4; lastKnownFileType = sourcecode.c.objc; path = LRLLightView.m; sourceTree = "<group>"; };
		FC51F1191BFC1A5E00E5BDA6 /* LRLLightView.xib */ = {isa = PBXFileReference; fileEncoding = 4; lastKnownFileType = file.xib; path = LRLLightView.xib; sourceTree = "<group>"; };
		FC51F11A1BFC1A5E00E5BDA6 /* TimeSheetView.h */ = {isa = PBXFileReference; fileEncoding = 4; lastKnownFileType = sourcecode.c.h; path = TimeSheetView.h; sourceTree = "<group>"; };
		FC51F11B1BFC1A5E00E5BDA6 /* TimeSheetView.m */ = {isa = PBXFileReference; fileEncoding = 4; lastKnownFileType = sourcecode.c.objc; path = TimeSheetView.m; sourceTree = "<group>"; };
		FC51F11C1BFC1A5E00E5BDA6 /* TimeSheetView.xib */ = {isa = PBXFileReference; fileEncoding = 4; lastKnownFileType = file.xib; path = TimeSheetView.xib; sourceTree = "<group>"; };
		FC51F11D1BFC1A5E00E5BDA6 /* main.m */ = {isa = PBXFileReference; fileEncoding = 4; lastKnownFileType = sourcecode.c.objc; path = main.m; sourceTree = "<group>"; };
		FC51F11F1BFC1A5E00E5BDA6 /* Info.plist */ = {isa = PBXFileReference; fileEncoding = 4; lastKnownFileType = text.plist.xml; path = Info.plist; sourceTree = "<group>"; };
		FC51F1201BFC1A5E00E5BDA6 /* MASCompositeConstraint.h */ = {isa = PBXFileReference; fileEncoding = 4; lastKnownFileType = sourcecode.c.h; path = MASCompositeConstraint.h; sourceTree = "<group>"; };
		FC51F1211BFC1A5E00E5BDA6 /* MASCompositeConstraint.m */ = {isa = PBXFileReference; fileEncoding = 4; lastKnownFileType = sourcecode.c.objc; path = MASCompositeConstraint.m; sourceTree = "<group>"; };
		FC51F1221BFC1A5E00E5BDA6 /* MASConstraint+Private.h */ = {isa = PBXFileReference; fileEncoding = 4; lastKnownFileType = sourcecode.c.h; path = "MASConstraint+Private.h"; sourceTree = "<group>"; };
		FC51F1231BFC1A5E00E5BDA6 /* MASConstraint.h */ = {isa = PBXFileReference; fileEncoding = 4; lastKnownFileType = sourcecode.c.h; path = MASConstraint.h; sourceTree = "<group>"; };
		FC51F1241BFC1A5E00E5BDA6 /* MASConstraint.m */ = {isa = PBXFileReference; fileEncoding = 4; lastKnownFileType = sourcecode.c.objc; path = MASConstraint.m; sourceTree = "<group>"; };
		FC51F1251BFC1A5E00E5BDA6 /* MASConstraintMaker.h */ = {isa = PBXFileReference; fileEncoding = 4; lastKnownFileType = sourcecode.c.h; path = MASConstraintMaker.h; sourceTree = "<group>"; };
		FC51F1261BFC1A5E00E5BDA6 /* MASConstraintMaker.m */ = {isa = PBXFileReference; fileEncoding = 4; lastKnownFileType = sourcecode.c.objc; path = MASConstraintMaker.m; sourceTree = "<group>"; };
		FC51F1271BFC1A5E00E5BDA6 /* MASLayoutConstraint.h */ = {isa = PBXFileReference; fileEncoding = 4; lastKnownFileType = sourcecode.c.h; path = MASLayoutConstraint.h; sourceTree = "<group>"; };
		FC51F1281BFC1A5E00E5BDA6 /* MASLayoutConstraint.m */ = {isa = PBXFileReference; fileEncoding = 4; lastKnownFileType = sourcecode.c.objc; path = MASLayoutConstraint.m; sourceTree = "<group>"; };
		FC51F1291BFC1A5E00E5BDA6 /* Masonry.h */ = {isa = PBXFileReference; fileEncoding = 4; lastKnownFileType = sourcecode.c.h; path = Masonry.h; sourceTree = "<group>"; };
		FC51F12A1BFC1A5E00E5BDA6 /* MASUtilities.h */ = {isa = PBXFileReference; fileEncoding = 4; lastKnownFileType = sourcecode.c.h; path = MASUtilities.h; sourceTree = "<group>"; };
		FC51F12B1BFC1A5E00E5BDA6 /* MASViewAttribute.h */ = {isa = PBXFileReference; fileEncoding = 4; lastKnownFileType = sourcecode.c.h; path = MASViewAttribute.h; sourceTree = "<group>"; };
		FC51F12C1BFC1A5E00E5BDA6 /* MASViewAttribute.m */ = {isa = PBXFileReference; fileEncoding = 4; lastKnownFileType = sourcecode.c.objc; path = MASViewAttribute.m; sourceTree = "<group>"; };
		FC51F12D1BFC1A5E00E5BDA6 /* MASViewConstraint.h */ = {isa = PBXFileReference; fileEncoding = 4; lastKnownFileType = sourcecode.c.h; path = MASViewConstraint.h; sourceTree = "<group>"; };
		FC51F12E1BFC1A5E00E5BDA6 /* MASViewConstraint.m */ = {isa = PBXFileReference; fileEncoding = 4; lastKnownFileType = sourcecode.c.objc; path = MASViewConstraint.m; sourceTree = "<group>"; };
		FC51F12F1BFC1A5E00E5BDA6 /* NSArray+MASAdditions.h */ = {isa = PBXFileReference; fileEncoding = 4; lastKnownFileType = sourcecode.c.h; path = "NSArray+MASAdditions.h"; sourceTree = "<group>"; };
		FC51F1301BFC1A5E00E5BDA6 /* NSArray+MASAdditions.m */ = {isa = PBXFileReference; fileEncoding = 4; lastKnownFileType = sourcecode.c.objc; path = "NSArray+MASAdditions.m"; sourceTree = "<group>"; };
		FC51F1311BFC1A5E00E5BDA6 /* NSArray+MASShorthandAdditions.h */ = {isa = PBXFileReference; fileEncoding = 4; lastKnownFileType = sourcecode.c.h; path = "NSArray+MASShorthandAdditions.h"; sourceTree = "<group>"; };
		FC51F1321BFC1A5E00E5BDA6 /* NSLayoutConstraint+MASDebugAdditions.h */ = {isa = PBXFileReference; fileEncoding = 4; lastKnownFileType = sourcecode.c.h; path = "NSLayoutConstraint+MASDebugAdditions.h"; sourceTree = "<group>"; };
		FC51F1331BFC1A5E00E5BDA6 /* NSLayoutConstraint+MASDebugAdditions.m */ = {isa = PBXFileReference; fileEncoding = 4; lastKnownFileType = sourcecode.c.objc; path = "NSLayoutConstraint+MASDebugAdditions.m"; sourceTree = "<group>"; };
		FC51F1341BFC1A5E00E5BDA6 /* View+MASAdditions.h */ = {isa = PBXFileReference; fileEncoding = 4; lastKnownFileType = sourcecode.c.h; path = "View+MASAdditions.h"; sourceTree = "<group>"; };
		FC51F1351BFC1A5E00E5BDA6 /* View+MASAdditions.m */ = {isa = PBXFileReference; fileEncoding = 4; lastKnownFileType = sourcecode.c.objc; path = "View+MASAdditions.m"; sourceTree = "<group>"; };
		FC51F1361BFC1A5E00E5BDA6 /* View+MASShorthandAdditions.h */ = {isa = PBXFileReference; fileEncoding = 4; lastKnownFileType = sourcecode.c.h; path = "View+MASShorthandAdditions.h"; sourceTree = "<group>"; };
		FC51F1371BFC1A5E00E5BDA6 /* ViewController+MASAdditions.h */ = {isa = PBXFileReference; fileEncoding = 4; lastKnownFileType = sourcecode.c.h; path = "ViewController+MASAdditions.h"; sourceTree = "<group>"; };
		FC51F1381BFC1A5E00E5BDA6 /* ViewController+MASAdditions.m */ = {isa = PBXFileReference; fileEncoding = 4; lastKnownFileType = sourcecode.c.objc; path = "ViewController+MASAdditions.m"; sourceTree = "<group>"; };
		FCDECECD1CC53CAC008B6BD8 /* LRLVideoPlayerView.m */ = {isa = PBXFileReference; fileEncoding = 4; lastKnownFileType = sourcecode.c.objc; path = LRLVideoPlayerView.m; sourceTree = "<group>"; };
/* End PBXFileReference section */

/* Begin PBXFrameworksBuildPhase section */
		FC3110F31BA139AA008CA952 /* Frameworks */ = {
			isa = PBXFrameworksBuildPhase;
			buildActionMask = 2147483647;
			files = (
				FC2EFBC21BAA8B2900D9F3DF /* AVFoundation.framework in Frameworks */,
			);
			runOnlyForDeploymentPostprocessing = 0;
		};
/* End PBXFrameworksBuildPhase section */

/* Begin PBXGroup section */
		FC3110ED1BA139AA008CA952 = {
			isa = PBXGroup;
			children = (
				FC2EFBC11BAA8B2900D9F3DF /* AVFoundation.framework */,
				FC51F1001BFC1A5E00E5BDA6 /* LRLAVPlayerDemo */,
				FC3110F71BA139AA008CA952 /* Products */,
			);
			sourceTree = "<group>";
		};
		FC3110F71BA139AA008CA952 /* Products */ = {
			isa = PBXGroup;
			children = (
				FC3110F61BA139AA008CA952 /* LRLAVPlayerDemo.app */,
			);
			name = Products;
			sourceTree = "<group>";
		};
		FC51F1001BFC1A5E00E5BDA6 /* LRLAVPlayerDemo */ = {
			isa = PBXGroup;
			children = (
				FC51F1011BFC1A5E00E5BDA6 /* AppDelegate.h */,
				FC51F1021BFC1A5E00E5BDA6 /* AppDelegate.m */,
				FC51F1101BFC1A5E00E5BDA6 /* LRLAVPlayer */,
				FC51F1051BFC1A5E00E5BDA6 /* Controllers */,
				FC51F11E1BFC1A5E00E5BDA6 /* Masonry */,
				FC51F10E1BFC1A5E00E5BDA6 /* Images.xcassets */,
				FC51F1551BFC1E6200E5BDA6 /* supportFiles */,
			);
			path = LRLAVPlayerDemo;
			sourceTree = "<group>";
		};
		FC51F1051BFC1A5E00E5BDA6 /* Controllers */ = {
			isa = PBXGroup;
			children = (
				FC51F1061BFC1A5E00E5BDA6 /* BaseNavViewController.h */,
				FC51F1071BFC1A5E00E5BDA6 /* BaseNavViewController.m */,
				FC51F1081BFC1A5E00E5BDA6 /* LRLAVPlayerController.h */,
				FC51F1091BFC1A5E00E5BDA6 /* LRLAVPlayerController.m */,
				FC51F10A1BFC1A5E00E5BDA6 /* LRLAVPlayerController.xib */,
				FC51F10B1BFC1A5E00E5BDA6 /* TestViewController.h */,
				FC51F10C1BFC1A5E00E5BDA6 /* TestViewController.m */,
				FC51F10D1BFC1A5E00E5BDA6 /* TestViewController.xib */,
				FC0ED3FB1DE96A620083B8F1 /* LRLVideoPlayViewController.h */,
				FC0ED3FC1DE96A620083B8F1 /* LRLVideoPlayViewController.m */,
			);
			path = Controllers;
			sourceTree = "<group>";
		};
		FC51F1101BFC1A5E00E5BDA6 /* LRLAVPlayer */ = {
			isa = PBXGroup;
			children = (
				FC51F1141BFC1A5E00E5BDA6 /* LRLVideoPlayerView.h */,
				FCDECECD1CC53CAC008B6BD8 /* LRLVideoPlayerView.m */,
				FC51F1161BFC1A5E00E5BDA6 /* LRLVideoPlayerView.xib */,
				FC51F1171BFC1A5E00E5BDA6 /* LRLLightView.h */,
				FC51F1181BFC1A5E00E5BDA6 /* LRLLightView.m */,
				FC51F1191BFC1A5E00E5BDA6 /* LRLLightView.xib */,
				FC51F11A1BFC1A5E00E5BDA6 /* TimeSheetView.h */,
				FC51F11B1BFC1A5E00E5BDA6 /* TimeSheetView.m */,
				FC51F11C1BFC1A5E00E5BDA6 /* TimeSheetView.xib */,
				FC51F1111BFC1A5E00E5BDA6 /* LRLAVPlayerDefine.h */,
				FC51F1121BFC1A5E00E5BDA6 /* LRLAVPlayerTool.h */,
				FC51F1131BFC1A5E00E5BDA6 /* LRLAVPlayerTool.m */,
			);
			path = LRLAVPlayer;
			sourceTree = "<group>";
		};
		FC51F11E1BFC1A5E00E5BDA6 /* Masonry */ = {
			isa = PBXGroup;
			children = (
				FC51F11F1BFC1A5E00E5BDA6 /* Info.plist */,
				FC51F1201BFC1A5E00E5BDA6 /* MASCompositeConstraint.h */,
				FC51F1211BFC1A5E00E5BDA6 /* MASCompositeConstraint.m */,
				FC51F1221BFC1A5E00E5BDA6 /* MASConstraint+Private.h */,
				FC51F1231BFC1A5E00E5BDA6 /* MASConstraint.h */,
				FC51F1241BFC1A5E00E5BDA6 /* MASConstraint.m */,
				FC51F1251BFC1A5E00E5BDA6 /* MASConstraintMaker.h */,
				FC51F1261BFC1A5E00E5BDA6 /* MASConstraintMaker.m */,
				FC51F1271BFC1A5E00E5BDA6 /* MASLayoutConstraint.h */,
				FC51F1281BFC1A5E00E5BDA6 /* MASLayoutConstraint.m */,
				FC51F1291BFC1A5E00E5BDA6 /* Masonry.h */,
				FC51F12A1BFC1A5E00E5BDA6 /* MASUtilities.h */,
				FC51F12B1BFC1A5E00E5BDA6 /* MASViewAttribute.h */,
				FC51F12C1BFC1A5E00E5BDA6 /* MASViewAttribute.m */,
				FC51F12D1BFC1A5E00E5BDA6 /* MASViewConstraint.h */,
				FC51F12E1BFC1A5E00E5BDA6 /* MASViewConstraint.m */,
				FC51F12F1BFC1A5E00E5BDA6 /* NSArray+MASAdditions.h */,
				FC51F1301BFC1A5E00E5BDA6 /* NSArray+MASAdditions.m */,
				FC51F1311BFC1A5E00E5BDA6 /* NSArray+MASShorthandAdditions.h */,
				FC51F1321BFC1A5E00E5BDA6 /* NSLayoutConstraint+MASDebugAdditions.h */,
				FC51F1331BFC1A5E00E5BDA6 /* NSLayoutConstraint+MASDebugAdditions.m */,
				FC51F1341BFC1A5E00E5BDA6 /* View+MASAdditions.h */,
				FC51F1351BFC1A5E00E5BDA6 /* View+MASAdditions.m */,
				FC51F1361BFC1A5E00E5BDA6 /* View+MASShorthandAdditions.h */,
				FC51F1371BFC1A5E00E5BDA6 /* ViewController+MASAdditions.h */,
				FC51F1381BFC1A5E00E5BDA6 /* ViewController+MASAdditions.m */,
			);
			path = Masonry;
			sourceTree = "<group>";
		};
		FC51F1551BFC1E6200E5BDA6 /* supportFiles */ = {
			isa = PBXGroup;
			children = (
				FC51F1031BFC1A5E00E5BDA6 /* LaunchScreen.xib */,
				FC51F10F1BFC1A5E00E5BDA6 /* Info.plist */,
				FC51F11D1BFC1A5E00E5BDA6 /* main.m */,
			);
			name = supportFiles;
			sourceTree = "<group>";
		};
/* End PBXGroup section */

/* Begin PBXNativeTarget section */
		FC3110F51BA139AA008CA952 /* LRLAVPlayerDemo */ = {
			isa = PBXNativeTarget;
			buildConfigurationList = FC3111191BA139AA008CA952 /* Build configuration list for PBXNativeTarget "LRLAVPlayerDemo" */;
			buildPhases = (
				FC3110F21BA139AA008CA952 /* Sources */,
				FC3110F31BA139AA008CA952 /* Frameworks */,
				FC3110F41BA139AA008CA952 /* Resources */,
			);
			buildRules = (
			);
			dependencies = (
			);
			name = LRLAVPlayerDemo;
			productName = LRLAVPalyer;
			productReference = FC3110F61BA139AA008CA952 /* LRLAVPlayerDemo.app */;
			productType = "com.apple.product-type.application";
		};
/* End PBXNativeTarget section */

/* Begin PBXProject section */
		FC3110EE1BA139AA008CA952 /* Project object */ = {
			isa = PBXProject;
			attributes = {
				CLASSPREFIX = LRL;
				LastUpgradeCheck = 0810;
				ORGANIZATIONNAME = codeWorm;
				TargetAttributes = {
					FC3110F51BA139AA008CA952 = {
						CreatedOnToolsVersion = 6.4;
						DevelopmentTeam = 7CD9J62L5G;
						SystemCapabilities = {
							com.apple.BackgroundModes = {
								enabled = 1;
							};
						};
					};
				};
			};
			buildConfigurationList = FC3110F11BA139AA008CA952 /* Build configuration list for PBXProject "LRLAVPlayerDemo" */;
			compatibilityVersion = "Xcode 3.2";
			developmentRegion = English;
			hasScannedForEncodings = 0;
			knownRegions = (
				en,
				Base,
			);
			mainGroup = FC3110ED1BA139AA008CA952;
			productRefGroup = FC3110F71BA139AA008CA952 /* Products */;
			projectDirPath = "";
			projectRoot = "";
			targets = (
				FC3110F51BA139AA008CA952 /* LRLAVPlayerDemo */,
			);
		};
/* End PBXProject section */

/* Begin PBXResourcesBuildPhase section */
		FC3110F41BA139AA008CA952 /* Resources */ = {
			isa = PBXResourcesBuildPhase;
			buildActionMask = 2147483647;
			files = (
				FC51F13D1BFC1A5E00E5BDA6 /* LRLAVPlayerController.xib in Resources */,
				FC51F1441BFC1A5E00E5BDA6 /* LRLVideoPlayerView.xib in Resources */,
				FC51F1401BFC1A5E00E5BDA6 /* Images.xcassets in Resources */,
				FC51F13F1BFC1A5E00E5BDA6 /* TestViewController.xib in Resources */,
				FC51F1481BFC1A5E00E5BDA6 /* TimeSheetView.xib in Resources */,
				FC51F1461BFC1A5E00E5BDA6 /* LRLLightView.xib in Resources */,
				FC51F13A1BFC1A5E00E5BDA6 /* LaunchScreen.xib in Resources */,
			);
			runOnlyForDeploymentPostprocessing = 0;
		};
/* End PBXResourcesBuildPhase section */

/* Begin PBXSourcesBuildPhase section */
		FC3110F21BA139AA008CA952 /* Sources */ = {
			isa = PBXSourcesBuildPhase;
			buildActionMask = 2147483647;
			files = (
				FC51F1531BFC1A5E00E5BDA6 /* View+MASAdditions.m in Sources */,
				FC51F1491BFC1A5E00E5BDA6 /* main.m in Sources */,
				FC51F13C1BFC1A5E00E5BDA6 /* LRLAVPlayerController.m in Sources */,
				FC0ED3FD1DE96A620083B8F1 /* LRLVideoPlayViewController.m in Sources */,
				FC51F1391BFC1A5E00E5BDA6 /* AppDelegate.m in Sources */,
				FC51F1421BFC1A5E00E5BDA6 /* LRLAVPlayerTool.m in Sources */,
				FC51F1541BFC1A5E00E5BDA6 /* ViewController+MASAdditions.m in Sources */,
				FC51F14F1BFC1A5E00E5BDA6 /* MASViewAttribute.m in Sources */,
				FC51F14B1BFC1A5E00E5BDA6 /* MASCompositeConstraint.m in Sources */,
				FC51F1471BFC1A5E00E5BDA6 /* TimeSheetView.m in Sources */,
				FC51F14D1BFC1A5E00E5BDA6 /* MASConstraintMaker.m in Sources */,
				FCDECECE1CC53CAC008B6BD8 /* LRLVideoPlayerView.m in Sources */,
				FC51F14C1BFC1A5E00E5BDA6 /* MASConstraint.m in Sources */,
				FC51F1521BFC1A5E00E5BDA6 /* NSLayoutConstraint+MASDebugAdditions.m in Sources */,
				FC51F14E1BFC1A5E00E5BDA6 /* MASLayoutConstraint.m in Sources */,
				FC51F1511BFC1A5E00E5BDA6 /* NSArray+MASAdditions.m in Sources */,
				FC51F13B1BFC1A5E00E5BDA6 /* BaseNavViewController.m in Sources */,
				FC51F1451BFC1A5E00E5BDA6 /* LRLLightView.m in Sources */,
				FC51F13E1BFC1A5E00E5BDA6 /* TestViewController.m in Sources */,
				FC51F1501BFC1A5E00E5BDA6 /* MASViewConstraint.m in Sources */,
			);
			runOnlyForDeploymentPostprocessing = 0;
		};
/* End PBXSourcesBuildPhase section */

/* Begin PBXVariantGroup section */
		FC51F1031BFC1A5E00E5BDA6 /* LaunchScreen.xib */ = {
			isa = PBXVariantGroup;
			children = (
				FC51F1041BFC1A5E00E5BDA6 /* Base */,
			);
			name = LaunchScreen.xib;
			sourceTree = "<group>";
		};
/* End PBXVariantGroup section */

/* Begin XCBuildConfiguration section */
		FC3111171BA139AA008CA952 /* Debug */ = {
			isa = XCBuildConfiguration;
			buildSettings = {
				ALWAYS_SEARCH_USER_PATHS = NO;
				CLANG_CXX_LANGUAGE_STANDARD = "gnu++0x";
				CLANG_CXX_LIBRARY = "libc++";
				CLANG_ENABLE_MODULES = YES;
				CLANG_ENABLE_OBJC_ARC = YES;
				CLANG_WARN_BOOL_CONVERSION = YES;
				CLANG_WARN_CONSTANT_CONVERSION = YES;
				CLANG_WARN_DIRECT_OBJC_ISA_USAGE = YES_ERROR;
				CLANG_WARN_EMPTY_BODY = YES;
				CLANG_WARN_ENUM_CONVERSION = YES;
				CLANG_WARN_INFINITE_RECURSION = YES;
				CLANG_WARN_INT_CONVERSION = YES;
				CLANG_WARN_OBJC_ROOT_CLASS = YES_ERROR;
				CLANG_WARN_SUSPICIOUS_MOVE = YES;
				CLANG_WARN_UNREACHABLE_CODE = YES;
				CLANG_WARN__DUPLICATE_METHOD_MATCH = YES;
				"CODE_SIGN_IDENTITY[sdk=iphoneos*]" = "iPhone Developer";
				COPY_PHASE_STRIP = NO;
				DEBUG_INFORMATION_FORMAT = "dwarf-with-dsym";
				ENABLE_STRICT_OBJC_MSGSEND = YES;
				ENABLE_TESTABILITY = YES;
				GCC_C_LANGUAGE_STANDARD = gnu99;
				GCC_DYNAMIC_NO_PIC = NO;
				GCC_NO_COMMON_BLOCKS = YES;
				GCC_OPTIMIZATION_LEVEL = 0;
				GCC_PREPROCESSOR_DEFINITIONS = (
					"DEBUG=1",
					"$(inherited)",
				);
				GCC_SYMBOLS_PRIVATE_EXTERN = NO;
				GCC_WARN_64_TO_32_BIT_CONVERSION = YES;
				GCC_WARN_ABOUT_RETURN_TYPE = YES_ERROR;
				GCC_WARN_UNDECLARED_SELECTOR = YES;
				GCC_WARN_UNINITIALIZED_AUTOS = YES_AGGRESSIVE;
				GCC_WARN_UNUSED_FUNCTION = YES;
				GCC_WARN_UNUSED_VARIABLE = YES;
				IPHONEOS_DEPLOYMENT_TARGET = 8.0;
				MTL_ENABLE_DEBUG_INFO = YES;
				ONLY_ACTIVE_ARCH = YES;
				SDKROOT = iphoneos;
				TARGETED_DEVICE_FAMILY = "1,2";
			};
			name = Debug;
		};
		FC3111181BA139AA008CA952 /* Release */ = {
			isa = XCBuildConfiguration;
			buildSettings = {
				ALWAYS_SEARCH_USER_PATHS = NO;
				CLANG_CXX_LANGUAGE_STANDARD = "gnu++0x";
				CLANG_CXX_LIBRARY = "libc++";
				CLANG_ENABLE_MODULES = YES;
				CLANG_ENABLE_OBJC_ARC = YES;
				CLANG_WARN_BOOL_CONVERSION = YES;
				CLANG_WARN_CONSTANT_CONVERSION = YES;
				CLANG_WARN_DIRECT_OBJC_ISA_USAGE = YES_ERROR;
				CLANG_WARN_EMPTY_BODY = YES;
				CLANG_WARN_ENUM_CONVERSION = YES;
				CLANG_WARN_INFINITE_RECURSION = YES;
				CLANG_WARN_INT_CONVERSION = YES;
				CLANG_WARN_OBJC_ROOT_CLASS = YES_ERROR;
				CLANG_WARN_SUSPICIOUS_MOVE = YES;
				CLANG_WARN_UNREACHABLE_CODE = YES;
				CLANG_WARN__DUPLICATE_METHOD_MATCH = YES;
				"CODE_SIGN_IDENTITY[sdk=iphoneos*]" = "iPhone Developer";
				COPY_PHASE_STRIP = NO;
				DEBUG_INFORMATION_FORMAT = "dwarf-with-dsym";
				ENABLE_NS_ASSERTIONS = NO;
				ENABLE_STRICT_OBJC_MSGSEND = YES;
				GCC_C_LANGUAGE_STANDARD = gnu99;
				GCC_NO_COMMON_BLOCKS = YES;
				GCC_WARN_64_TO_32_BIT_CONVERSION = YES;
				GCC_WARN_ABOUT_RETURN_TYPE = YES_ERROR;
				GCC_WARN_UNDECLARED_SELECTOR = YES;
				GCC_WARN_UNINITIALIZED_AUTOS = YES_AGGRESSIVE;
				GCC_WARN_UNUSED_FUNCTION = YES;
				GCC_WARN_UNUSED_VARIABLE = YES;
				IPHONEOS_DEPLOYMENT_TARGET = 8.0;
				MTL_ENABLE_DEBUG_INFO = NO;
				SDKROOT = iphoneos;
				TARGETED_DEVICE_FAMILY = "1,2";
				VALIDATE_PRODUCT = YES;
			};
			name = Release;
		};
		FC31111A1BA139AA008CA952 /* Debug */ = {
			isa = XCBuildConfiguration;
			buildSettings = {
				ASSETCATALOG_COMPILER_APPICON_NAME = AppIcon;
				CODE_SIGN_IDENTITY = "iPhone Developer";
				"CODE_SIGN_IDENTITY[sdk=iphoneos*]" = "iPhone Developer";
				DEVELOPMENT_TEAM = 7CD9J62L5G;
				INFOPLIST_FILE = LRLAVPlayerDemo/Info.plist;
				IPHONEOS_DEPLOYMENT_TARGET = 8.0;
				LD_RUNPATH_SEARCH_PATHS = "$(inherited) @executable_path/Frameworks";
				PRODUCT_BUNDLE_IDENTIFIER = "codeWorm.$(PRODUCT_NAME:rfc1034identifier)";
				PRODUCT_NAME = LRLAVPlayerDemo;
				PROVISIONING_PROFILE = "";
				TARGETED_DEVICE_FAMILY = "1,2";
			};
			name = Debug;
		};
		FC31111B1BA139AA008CA952 /* Release */ = {
			isa = XCBuildConfiguration;
			buildSettings = {
				ASSETCATALOG_COMPILER_APPICON_NAME = AppIcon;
				CODE_SIGN_IDENTITY = "iPhone Developer";
				"CODE_SIGN_IDENTITY[sdk=iphoneos*]" = "iPhone Developer";
				DEVELOPMENT_TEAM = 7CD9J62L5G;
				INFOPLIST_FILE = LRLAVPlayerDemo/Info.plist;
				IPHONEOS_DEPLOYMENT_TARGET = 8.0;
				LD_RUNPATH_SEARCH_PATHS = "$(inherited) @executable_path/Frameworks";
				PRODUCT_BUNDLE_IDENTIFIER = "codeWorm.$(PRODUCT_NAME:rfc1034identifier)";
				PRODUCT_NAME = LRLAVPlayerDemo;
				PROVISIONING_PROFILE = "";
				TARGETED_DEVICE_FAMILY = "1,2";
			};
			name = Release;
		};
/* End XCBuildConfiguration section */

/* Begin XCConfigurationList section */
		FC3110F11BA139AA008CA952 /* Build configuration list for PBXProject "LRLAVPlayerDemo" */ = {
			isa = XCConfigurationList;
			buildConfigurations = (
				FC3111171BA139AA008CA952 /* Debug */,
				FC3111181BA139AA008CA952 /* Release */,
			);
			defaultConfigurationIsVisible = 0;
			defaultConfigurationName = Release;
		};
		FC3111191BA139AA008CA952 /* Build configuration list for PBXNativeTarget "LRLAVPlayerDemo" */ = {
			isa = XCConfigurationList;
			buildConfigurations = (
				FC31111A1BA139AA008CA952 /* Debug */,
				FC31111B1BA139AA008CA952 /* Release */,
			);
			defaultConfigurationIsVisible = 0;
			defaultConfigurationName = Release;
		};
/* End XCConfigurationList section */
	};
	rootObject = FC3110EE1BA139AA008CA952 /* Project object */;
}
