// !$*UTF8*$!
{
	archiveVersion = 1;
	classes = {
	};
	objectVersion = 46;
	objects = {

/* Begin PBXBuildFile section */
		FC0642BD1BFB66E200EE806A /* LRLAVPlayerView.m in Sources */ = {isa = PBXBuildFile; fileRef = FC0642B51BFB66E200EE806A /* LRLAVPlayerView.m */; };
		FC0642BE1BFB66E200EE806A /* LRLAVPlayerView.xib in Resources */ = {isa = PBXBuildFile; fileRef = FC0642B61BFB66E200EE806A /* LRLAVPlayerView.xib */; };
		FC0642BF1BFB66E200EE806A /* LRLLightView.m in Sources */ = {isa = PBXBuildFile; fileRef = FC0642B81BFB66E200EE806A /* LRLLightView.m */; };
		FC0642C01BFB66E200EE806A /* LRLLightView.xib in Resources */ = {isa = PBXBuildFile; fileRef = FC0642B91BFB66E200EE806A /* LRLLightView.xib */; };
		FC0642C11BFB66E200EE806A /* TimeSheetView.m in Sources */ = {isa = PBXBuildFile; fileRef = FC0642BB1BFB66E200EE806A /* TimeSheetView.m */; };
		FC0642C21BFB66E200EE806A /* TimeSheetView.xib in Resources */ = {isa = PBXBuildFile; fileRef = FC0642BC1BFB66E200EE806A /* TimeSheetView.xib */; };
		FC2EFBC21BAA8B2900D9F3DF /* AVFoundation.framework in Frameworks */ = {isa = PBXBuildFile; fileRef = FC2EFBC11BAA8B2900D9F3DF /* AVFoundation.framework */; };
		FC3110FC1BA139AA008CA952 /* main.m in Sources */ = {isa = PBXBuildFile; fileRef = FC3110FB1BA139AA008CA952 /* main.m */; };
		FC3110FF1BA139AA008CA952 /* AppDelegate.m in Sources */ = {isa = PBXBuildFile; fileRef = FC3110FE1BA139AA008CA952 /* AppDelegate.m */; };
		FC3111071BA139AA008CA952 /* Images.xcassets in Resources */ = {isa = PBXBuildFile; fileRef = FC3111061BA139AA008CA952 /* Images.xcassets */; };
		FC31110A1BA139AA008CA952 /* LaunchScreen.xib in Resources */ = {isa = PBXBuildFile; fileRef = FC3111081BA139AA008CA952 /* LaunchScreen.xib */; };
		FC3111261BA13ACE008CA952 /* LRLAVPlayerController.m in Sources */ = {isa = PBXBuildFile; fileRef = FC3111241BA13ACE008CA952 /* LRLAVPlayerController.m */; };
		FC3111271BA13ACE008CA952 /* LRLAVPlayerController.xib in Resources */ = {isa = PBXBuildFile; fileRef = FC3111251BA13ACE008CA952 /* LRLAVPlayerController.xib */; };
		FCE884BE1BC8E962003367DE /* TestViewController.m in Sources */ = {isa = PBXBuildFile; fileRef = FCE884BC1BC8E962003367DE /* TestViewController.m */; };
		FCE884BF1BC8E962003367DE /* TestViewController.xib in Resources */ = {isa = PBXBuildFile; fileRef = FCE884BD1BC8E962003367DE /* TestViewController.xib */; };
		FCE884C81BC90F37003367DE /* BaseNavViewController.m in Sources */ = {isa = PBXBuildFile; fileRef = FCE884C71BC90F37003367DE /* BaseNavViewController.m */; };
		FCFB394C1BABE33D00E7CC23 /* Info.plist in Resources */ = {isa = PBXBuildFile; fileRef = FCFB39321BABE33D00E7CC23 /* Info.plist */; };
		FCFB394D1BABE33D00E7CC23 /* MASCompositeConstraint.m in Sources */ = {isa = PBXBuildFile; fileRef = FCFB39341BABE33D00E7CC23 /* MASCompositeConstraint.m */; };
		FCFB394E1BABE33D00E7CC23 /* MASConstraint.m in Sources */ = {isa = PBXBuildFile; fileRef = FCFB39371BABE33D00E7CC23 /* MASConstraint.m */; };
		FCFB394F1BABE33D00E7CC23 /* MASConstraintMaker.m in Sources */ = {isa = PBXBuildFile; fileRef = FCFB39391BABE33D00E7CC23 /* MASConstraintMaker.m */; };
		FCFB39501BABE33D00E7CC23 /* MASLayoutConstraint.m in Sources */ = {isa = PBXBuildFile; fileRef = FCFB393B1BABE33D00E7CC23 /* MASLayoutConstraint.m */; };
		FCFB39511BABE33D00E7CC23 /* MASViewAttribute.m in Sources */ = {isa = PBXBuildFile; fileRef = FCFB393F1BABE33D00E7CC23 /* MASViewAttribute.m */; };
		FCFB39521BABE33D00E7CC23 /* MASViewConstraint.m in Sources */ = {isa = PBXBuildFile; fileRef = FCFB39411BABE33D00E7CC23 /* MASViewConstraint.m */; };
		FCFB39531BABE33D00E7CC23 /* NSArray+MASAdditions.m in Sources */ = {isa = PBXBuildFile; fileRef = FCFB39431BABE33D00E7CC23 /* NSArray+MASAdditions.m */; };
		FCFB39541BABE33D00E7CC23 /* NSLayoutConstraint+MASDebugAdditions.m in Sources */ = {isa = PBXBuildFile; fileRef = FCFB39461BABE33D00E7CC23 /* NSLayoutConstraint+MASDebugAdditions.m */; };
		FCFB39551BABE33D00E7CC23 /* View+MASAdditions.m in Sources */ = {isa = PBXBuildFile; fileRef = FCFB39481BABE33D00E7CC23 /* View+MASAdditions.m */; };
		FCFB39561BABE33D00E7CC23 /* ViewController+MASAdditions.m in Sources */ = {isa = PBXBuildFile; fileRef = FCFB394B1BABE33D00E7CC23 /* ViewController+MASAdditions.m */; };
/* End PBXBuildFile section */

/* Begin PBXFileReference section */
		FC0642B41BFB66E200EE806A /* LRLAVPlayerView.h */ = {isa = PBXFileReference; fileEncoding = 4; lastKnownFileType = sourcecode.c.h; path = LRLAVPlayerView.h; sourceTree = "<group>"; };
		FC0642B51BFB66E200EE806A /* LRLAVPlayerView.m */ = {isa = PBXFileReference; fileEncoding = 4; lastKnownFileType = sourcecode.c.objc; path = LRLAVPlayerView.m; sourceTree = "<group>"; };
		FC0642B61BFB66E200EE806A /* LRLAVPlayerView.xib */ = {isa = PBXFileReference; fileEncoding = 4; lastKnownFileType = file.xib; path = LRLAVPlayerView.xib; sourceTree = "<group>"; };
		FC0642B71BFB66E200EE806A /* LRLLightView.h */ = {isa = PBXFileReference; fileEncoding = 4; lastKnownFileType = sourcecode.c.h; path = LRLLightView.h; sourceTree = "<group>"; };
		FC0642B81BFB66E200EE806A /* LRLLightView.m */ = {isa = PBXFileReference; fileEncoding = 4; lastKnownFileType = sourcecode.c.objc; path = LRLLightView.m; sourceTree = "<group>"; };
		FC0642B91BFB66E200EE806A /* LRLLightView.xib */ = {isa = PBXFileReference; fileEncoding = 4; lastKnownFileType = file.xib; path = LRLLightView.xib; sourceTree = "<group>"; };
		FC0642BA1BFB66E200EE806A /* TimeSheetView.h */ = {isa = PBXFileReference; fileEncoding = 4; lastKnownFileType = sourcecode.c.h; path = TimeSheetView.h; sourceTree = "<group>"; };
		FC0642BB1BFB66E200EE806A /* TimeSheetView.m */ = {isa = PBXFileReference; fileEncoding = 4; lastKnownFileType = sourcecode.c.objc; path = TimeSheetView.m; sourceTree = "<group>"; };
		FC0642BC1BFB66E200EE806A /* TimeSheetView.xib */ = {isa = PBXFileReference; fileEncoding = 4; lastKnownFileType = file.xib; path = TimeSheetView.xib; sourceTree = "<group>"; };
		FC2EFBC11BAA8B2900D9F3DF /* AVFoundation.framework */ = {isa = PBXFileReference; lastKnownFileType = wrapper.framework; name = AVFoundation.framework; path = System/Library/Frameworks/AVFoundation.framework; sourceTree = SDKROOT; };
		FC3110F61BA139AA008CA952 /* LRLAVPalyer.app */ = {isa = PBXFileReference; explicitFileType = wrapper.application; includeInIndex = 0; path = LRLAVPalyer.app; sourceTree = BUILT_PRODUCTS_DIR; };
		FC3110FA1BA139AA008CA952 /* Info.plist */ = {isa = PBXFileReference; lastKnownFileType = text.plist.xml; path = Info.plist; sourceTree = "<group>"; };
		FC3110FB1BA139AA008CA952 /* main.m */ = {isa = PBXFileReference; lastKnownFileType = sourcecode.c.objc; path = main.m; sourceTree = "<group>"; };
		FC3110FD1BA139AA008CA952 /* AppDelegate.h */ = {isa = PBXFileReference; lastKnownFileType = sourcecode.c.h; name = AppDelegate.h; path = LRLAVPalyer/AppDelegate.h; sourceTree = "<group>"; };
		FC3110FE1BA139AA008CA952 /* AppDelegate.m */ = {isa = PBXFileReference; lastKnownFileType = sourcecode.c.objc; name = AppDelegate.m; path = LRLAVPalyer/AppDelegate.m; sourceTree = "<group>"; };
		FC3111061BA139AA008CA952 /* Images.xcassets */ = {isa = PBXFileReference; lastKnownFileType = folder.assetcatalog; path = Images.xcassets; sourceTree = "<group>"; };
		FC3111091BA139AA008CA952 /* Base */ = {isa = PBXFileReference; lastKnownFileType = file.xib; name = Base; path = Base.lproj/LaunchScreen.xib; sourceTree = "<group>"; };
		FC3111231BA13ACE008CA952 /* LRLAVPlayerController.h */ = {isa = PBXFileReference; fileEncoding = 4; lastKnownFileType = sourcecode.c.h; path = LRLAVPlayerController.h; sourceTree = "<group>"; };
		FC3111241BA13ACE008CA952 /* LRLAVPlayerController.m */ = {isa = PBXFileReference; fileEncoding = 4; lastKnownFileType = sourcecode.c.objc; path = LRLAVPlayerController.m; sourceTree = "<group>"; };
		FC3111251BA13ACE008CA952 /* LRLAVPlayerController.xib */ = {isa = PBXFileReference; fileEncoding = 4; lastKnownFileType = file.xib; path = LRLAVPlayerController.xib; sourceTree = "<group>"; };
		FCE884BB1BC8E962003367DE /* TestViewController.h */ = {isa = PBXFileReference; fileEncoding = 4; lastKnownFileType = sourcecode.c.h; path = TestViewController.h; sourceTree = "<group>"; };
		FCE884BC1BC8E962003367DE /* TestViewController.m */ = {isa = PBXFileReference; fileEncoding = 4; lastKnownFileType = sourcecode.c.objc; path = TestViewController.m; sourceTree = "<group>"; };
		FCE884BD1BC8E962003367DE /* TestViewController.xib */ = {isa = PBXFileReference; fileEncoding = 4; lastKnownFileType = file.xib; path = TestViewController.xib; sourceTree = "<group>"; };
		FCE884C61BC90F37003367DE /* BaseNavViewController.h */ = {isa = PBXFileReference; fileEncoding = 4; lastKnownFileType = sourcecode.c.h; path = BaseNavViewController.h; sourceTree = "<group>"; };
		FCE884C71BC90F37003367DE /* BaseNavViewController.m */ = {isa = PBXFileReference; fileEncoding = 4; lastKnownFileType = sourcecode.c.objc; path = BaseNavViewController.m; sourceTree = "<group>"; };
		FCFB39321BABE33D00E7CC23 /* Info.plist */ = {isa = PBXFileReference; fileEncoding = 4; lastKnownFileType = text.plist.xml; path = Info.plist; sourceTree = "<group>"; };
		FCFB39331BABE33D00E7CC23 /* MASCompositeConstraint.h */ = {isa = PBXFileReference; fileEncoding = 4; lastKnownFileType = sourcecode.c.h; path = MASCompositeConstraint.h; sourceTree = "<group>"; };
		FCFB39341BABE33D00E7CC23 /* MASCompositeConstraint.m */ = {isa = PBXFileReference; fileEncoding = 4; lastKnownFileType = sourcecode.c.objc; path = MASCompositeConstraint.m; sourceTree = "<group>"; };
		FCFB39351BABE33D00E7CC23 /* MASConstraint+Private.h */ = {isa = PBXFileReference; fileEncoding = 4; lastKnownFileType = sourcecode.c.h; path = "MASConstraint+Private.h"; sourceTree = "<group>"; };
		FCFB39361BABE33D00E7CC23 /* MASConstraint.h */ = {isa = PBXFileReference; fileEncoding = 4; lastKnownFileType = sourcecode.c.h; path = MASConstraint.h; sourceTree = "<group>"; };
		FCFB39371BABE33D00E7CC23 /* MASConstraint.m */ = {isa = PBXFileReference; fileEncoding = 4; lastKnownFileType = sourcecode.c.objc; path = MASConstraint.m; sourceTree = "<group>"; };
		FCFB39381BABE33D00E7CC23 /* MASConstraintMaker.h */ = {isa = PBXFileReference; fileEncoding = 4; lastKnownFileType = sourcecode.c.h; path = MASConstraintMaker.h; sourceTree = "<group>"; };
		FCFB39391BABE33D00E7CC23 /* MASConstraintMaker.m */ = {isa = PBXFileReference; fileEncoding = 4; lastKnownFileType = sourcecode.c.objc; path = MASConstraintMaker.m; sourceTree = "<group>"; };
		FCFB393A1BABE33D00E7CC23 /* MASLayoutConstraint.h */ = {isa = PBXFileReference; fileEncoding = 4; lastKnownFileType = sourcecode.c.h; path = MASLayoutConstraint.h; sourceTree = "<group>"; };
		FCFB393B1BABE33D00E7CC23 /* MASLayoutConstraint.m */ = {isa = PBXFileReference; fileEncoding = 4; lastKnownFileType = sourcecode.c.objc; path = MASLayoutConstraint.m; sourceTree = "<group>"; };
		FCFB393C1BABE33D00E7CC23 /* Masonry.h */ = {isa = PBXFileReference; fileEncoding = 4; lastKnownFileType = sourcecode.c.h; path = Masonry.h; sourceTree = "<group>"; };
		FCFB393D1BABE33D00E7CC23 /* MASUtilities.h */ = {isa = PBXFileReference; fileEncoding = 4; lastKnownFileType = sourcecode.c.h; path = MASUtilities.h; sourceTree = "<group>"; };
		FCFB393E1BABE33D00E7CC23 /* MASViewAttribute.h */ = {isa = PBXFileReference; fileEncoding = 4; lastKnownFileType = sourcecode.c.h; path = MASViewAttribute.h; sourceTree = "<group>"; };
		FCFB393F1BABE33D00E7CC23 /* MASViewAttribute.m */ = {isa = PBXFileReference; fileEncoding = 4; lastKnownFileType = sourcecode.c.objc; path = MASViewAttribute.m; sourceTree = "<group>"; };
		FCFB39401BABE33D00E7CC23 /* MASViewConstraint.h */ = {isa = PBXFileReference; fileEncoding = 4; lastKnownFileType = sourcecode.c.h; path = MASViewConstraint.h; sourceTree = "<group>"; };
		FCFB39411BABE33D00E7CC23 /* MASViewConstraint.m */ = {isa = PBXFileReference; fileEncoding = 4; lastKnownFileType = sourcecode.c.objc; path = MASViewConstraint.m; sourceTree = "<group>"; };
		FCFB39421BABE33D00E7CC23 /* NSArray+MASAdditions.h */ = {isa = PBXFileReference; fileEncoding = 4; lastKnownFileType = sourcecode.c.h; path = "NSArray+MASAdditions.h"; sourceTree = "<group>"; };
		FCFB39431BABE33D00E7CC23 /* NSArray+MASAdditions.m */ = {isa = PBXFileReference; fileEncoding = 4; lastKnownFileType = sourcecode.c.objc; path = "NSArray+MASAdditions.m"; sourceTree = "<group>"; };
		FCFB39441BABE33D00E7CC23 /* NSArray+MASShorthandAdditions.h */ = {isa = PBXFileReference; fileEncoding = 4; lastKnownFileType = sourcecode.c.h; path = "NSArray+MASShorthandAdditions.h"; sourceTree = "<group>"; };
		FCFB39451BABE33D00E7CC23 /* NSLayoutConstraint+MASDebugAdditions.h */ = {isa = PBXFileReference; fileEncoding = 4; lastKnownFileType = sourcecode.c.h; path = "NSLayoutConstraint+MASDebugAdditions.h"; sourceTree = "<group>"; };
		FCFB39461BABE33D00E7CC23 /* NSLayoutConstraint+MASDebugAdditions.m */ = {isa = PBXFileReference; fileEncoding = 4; lastKnownFileType = sourcecode.c.objc; path = "NSLayoutConstraint+MASDebugAdditions.m"; sourceTree = "<group>"; };
		FCFB39471BABE33D00E7CC23 /* View+MASAdditions.h */ = {isa = PBXFileReference; fileEncoding = 4; lastKnownFileType = sourcecode.c.h; path = "View+MASAdditions.h"; sourceTree = "<group>"; };
		FCFB39481BABE33D00E7CC23 /* View+MASAdditions.m */ = {isa = PBXFileReference; fileEncoding = 4; lastKnownFileType = sourcecode.c.objc; path = "View+MASAdditions.m"; sourceTree = "<group>"; };
		FCFB39491BABE33D00E7CC23 /* View+MASShorthandAdditions.h */ = {isa = PBXFileReference; fileEncoding = 4; lastKnownFileType = sourcecode.c.h; path = "View+MASShorthandAdditions.h"; sourceTree = "<group>"; };
		FCFB394A1BABE33D00E7CC23 /* ViewController+MASAdditions.h */ = {isa = PBXFileReference; fileEncoding = 4; lastKnownFileType = sourcecode.c.h; path = "ViewController+MASAdditions.h"; sourceTree = "<group>"; };
		FCFB394B1BABE33D00E7CC23 /* ViewController+MASAdditions.m */ = {isa = PBXFileReference; fileEncoding = 4; lastKnownFileType = sourcecode.c.objc; path = "ViewController+MASAdditions.m"; sourceTree = "<group>"; };
/* End PBXFileReference section */

/* Begin PBXFrameworksBuildPhase section */
		FC3110F31BA139AA008CA952 /* Frameworks */ = {
			isa = PBXFrameworksBuildPhase;
			buildActionMask = 2147483647;
			files = (
				FC2EFBC21BAA8B2900D9F3DF /* AVFoundation.framework in Frameworks */,
			);
			runOnlyForDeploymentPostprocessing = 0;
		};
/* End PBXFrameworksBuildPhase section */

/* Begin PBXGroup section */
		FC0642B31BFB66E200EE806A /* LRLAVPlayer */ = {
			isa = PBXGroup;
			children = (
				FC0642B41BFB66E200EE806A /* LRLAVPlayerView.h */,
				FC0642B51BFB66E200EE806A /* LRLAVPlayerView.m */,
				FC0642B61BFB66E200EE806A /* LRLAVPlayerView.xib */,
				FC0642B71BFB66E200EE806A /* LRLLightView.h */,
				FC0642B81BFB66E200EE806A /* LRLLightView.m */,
				FC0642B91BFB66E200EE806A /* LRLLightView.xib */,
				FC0642BA1BFB66E200EE806A /* TimeSheetView.h */,
				FC0642BB1BFB66E200EE806A /* TimeSheetView.m */,
				FC0642BC1BFB66E200EE806A /* TimeSheetView.xib */,
			);
			path = LRLAVPlayer;
			sourceTree = "<group>";
		};
		FC3110ED1BA139AA008CA952 = {
			isa = PBXGroup;
			children = (
				FC2EFBC11BAA8B2900D9F3DF /* AVFoundation.framework */,
				FC3110FD1BA139AA008CA952 /* AppDelegate.h */,
				FC3110FE1BA139AA008CA952 /* AppDelegate.m */,
				FC3110F81BA139AA008CA952 /* LRLAVPalyer */,
				FC3110F71BA139AA008CA952 /* Products */,
			);
			sourceTree = "<group>";
		};
		FC3110F71BA139AA008CA952 /* Products */ = {
			isa = PBXGroup;
			children = (
				FC3110F61BA139AA008CA952 /* LRLAVPalyer.app */,
			);
			name = Products;
			sourceTree = "<group>";
		};
		FC3110F81BA139AA008CA952 /* LRLAVPalyer */ = {
			isa = PBXGroup;
			children = (
				FC0642B31BFB66E200EE806A /* LRLAVPlayer */,
				FC3111201BA13A42008CA952 /* Controllers */,
				FCFB39311BABE33D00E7CC23 /* Masonry */,
				FC3111061BA139AA008CA952 /* Images.xcassets */,
				FC3111081BA139AA008CA952 /* LaunchScreen.xib */,
				FC3110F91BA139AA008CA952 /* Supporting Files */,
			);
			path = LRLAVPalyer;
			sourceTree = "<group>";
		};
		FC3110F91BA139AA008CA952 /* Supporting Files */ = {
			isa = PBXGroup;
			children = (
				FC3110FA1BA139AA008CA952 /* Info.plist */,
				FC3110FB1BA139AA008CA952 /* main.m */,
			);
			name = "Supporting Files";
			sourceTree = "<group>";
		};
		FC3111201BA13A42008CA952 /* Controllers */ = {
			isa = PBXGroup;
			children = (
				FCE884C61BC90F37003367DE /* BaseNavViewController.h */,
				FCE884C71BC90F37003367DE /* BaseNavViewController.m */,
				FC3111231BA13ACE008CA952 /* LRLAVPlayerController.h */,
				FC3111241BA13ACE008CA952 /* LRLAVPlayerController.m */,
				FC3111251BA13ACE008CA952 /* LRLAVPlayerController.xib */,
				FCE884BB1BC8E962003367DE /* TestViewController.h */,
				FCE884BC1BC8E962003367DE /* TestViewController.m */,
				FCE884BD1BC8E962003367DE /* TestViewController.xib */,
			);
			path = Controllers;
			sourceTree = "<group>";
		};
		FCFB39311BABE33D00E7CC23 /* Masonry */ = {
			isa = PBXGroup;
			children = (
				FCFB39321BABE33D00E7CC23 /* Info.plist */,
				FCFB39331BABE33D00E7CC23 /* MASCompositeConstraint.h */,
				FCFB39341BABE33D00E7CC23 /* MASCompositeConstraint.m */,
				FCFB39351BABE33D00E7CC23 /* MASConstraint+Private.h */,
				FCFB39361BABE33D00E7CC23 /* MASConstraint.h */,
				FCFB39371BABE33D00E7CC23 /* MASConstraint.m */,
				FCFB39381BABE33D00E7CC23 /* MASConstraintMaker.h */,
				FCFB39391BABE33D00E7CC23 /* MASConstraintMaker.m */,
				FCFB393A1BABE33D00E7CC23 /* MASLayoutConstraint.h */,
				FCFB393B1BABE33D00E7CC23 /* MASLayoutConstraint.m */,
				FCFB393C1BABE33D00E7CC23 /* Masonry.h */,
				FCFB393D1BABE33D00E7CC23 /* MASUtilities.h */,
				FCFB393E1BABE33D00E7CC23 /* MASViewAttribute.h */,
				FCFB393F1BABE33D00E7CC23 /* MASViewAttribute.m */,
				FCFB39401BABE33D00E7CC23 /* MASViewConstraint.h */,
				FCFB39411BABE33D00E7CC23 /* MASViewConstraint.m */,
				FCFB39421BABE33D00E7CC23 /* NSArray+MASAdditions.h */,
				FCFB39431BABE33D00E7CC23 /* NSArray+MASAdditions.m */,
				FCFB39441BABE33D00E7CC23 /* NSArray+MASShorthandAdditions.h */,
				FCFB39451BABE33D00E7CC23 /* NSLayoutConstraint+MASDebugAdditions.h */,
				FCFB39461BABE33D00E7CC23 /* NSLayoutConstraint+MASDebugAdditions.m */,
				FCFB39471BABE33D00E7CC23 /* View+MASAdditions.h */,
				FCFB39481BABE33D00E7CC23 /* View+MASAdditions.m */,
				FCFB39491BABE33D00E7CC23 /* View+MASShorthandAdditions.h */,
				FCFB394A1BABE33D00E7CC23 /* ViewController+MASAdditions.h */,
				FCFB394B1BABE33D00E7CC23 /* ViewController+MASAdditions.m */,
			);
			path = Masonry;
			sourceTree = "<group>";
		};
/* End PBXGroup section */

/* Begin PBXNativeTarget section */
		FC3110F51BA139AA008CA952 /* LRLAVPalyer */ = {
			isa = PBXNativeTarget;
			buildConfigurationList = FC3111191BA139AA008CA952 /* Build configuration list for PBXNativeTarget "LRLAVPalyer" */;
			buildPhases = (
				FC3110F21BA139AA008CA952 /* Sources */,
				FC3110F31BA139AA008CA952 /* Frameworks */,
				FC3110F41BA139AA008CA952 /* Resources */,
			);
			buildRules = (
			);
			dependencies = (
			);
			name = LRLAVPalyer;
			productName = LRLAVPalyer;
			productReference = FC3110F61BA139AA008CA952 /* LRLAVPalyer.app */;
			productType = "com.apple.product-type.application";
		};
/* End PBXNativeTarget section */

/* Begin PBXProject section */
		FC3110EE1BA139AA008CA952 /* Project object */ = {
			isa = PBXProject;
			attributes = {
				LastUpgradeCheck = 0700;
				ORGANIZATIONNAME = V1;
				TargetAttributes = {
					FC3110F51BA139AA008CA952 = {
						CreatedOnToolsVersion = 6.4;
					};
				};
			};
			buildConfigurationList = FC3110F11BA139AA008CA952 /* Build configuration list for PBXProject "LRLAVPalyer" */;
			compatibilityVersion = "Xcode 3.2";
			developmentRegion = English;
			hasScannedForEncodings = 0;
			knownRegions = (
				en,
				Base,
			);
			mainGroup = FC3110ED1BA139AA008CA952;
			productRefGroup = FC3110F71BA139AA008CA952 /* Products */;
			projectDirPath = "";
			projectRoot = "";
			targets = (
				FC3110F51BA139AA008CA952 /* LRLAVPalyer */,
			);
		};
/* End PBXProject section */

/* Begin PBXResourcesBuildPhase section */
		FC3110F41BA139AA008CA952 /* Resources */ = {
			isa = PBXResourcesBuildPhase;
			buildActionMask = 2147483647;
			files = (
				FC3111271BA13ACE008CA952 /* LRLAVPlayerController.xib in Resources */,
				FC0642BE1BFB66E200EE806A /* LRLAVPlayerView.xib in Resources */,
				FC31110A1BA139AA008CA952 /* LaunchScreen.xib in Resources */,
				FC3111071BA139AA008CA952 /* Images.xcassets in Resources */,
				FCE884BF1BC8E962003367DE /* TestViewController.xib in Resources */,
				FC0642C21BFB66E200EE806A /* TimeSheetView.xib in Resources */,
				FC0642C01BFB66E200EE806A /* LRLLightView.xib in Resources */,
				FCFB394C1BABE33D00E7CC23 /* Info.plist in Resources */,
			);
			runOnlyForDeploymentPostprocessing = 0;
		};
/* End PBXResourcesBuildPhase section */

/* Begin PBXSourcesBuildPhase section */
		FC3110F21BA139AA008CA952 /* Sources */ = {
			isa = PBXSourcesBuildPhase;
			buildActionMask = 2147483647;
			files = (
				FCFB39531BABE33D00E7CC23 /* NSArray+MASAdditions.m in Sources */,
				FCFB39521BABE33D00E7CC23 /* MASViewConstraint.m in Sources */,
				FC3111261BA13ACE008CA952 /* LRLAVPlayerController.m in Sources */,
				FCFB394F1BABE33D00E7CC23 /* MASConstraintMaker.m in Sources */,
				FCFB39551BABE33D00E7CC23 /* View+MASAdditions.m in Sources */,
				FC0642BD1BFB66E200EE806A /* LRLAVPlayerView.m in Sources */,
				FC3110FF1BA139AA008CA952 /* AppDelegate.m in Sources */,
				FC0642BF1BFB66E200EE806A /* LRLLightView.m in Sources */,
				FCFB394E1BABE33D00E7CC23 /* MASConstraint.m in Sources */,
				FC3110FC1BA139AA008CA952 /* main.m in Sources */,
				FCFB39511BABE33D00E7CC23 /* MASViewAttribute.m in Sources */,
				FCFB39541BABE33D00E7CC23 /* NSLayoutConstraint+MASDebugAdditions.m in Sources */,
				FCE884C81BC90F37003367DE /* BaseNavViewController.m in Sources */,
				FC0642C11BFB66E200EE806A /* TimeSheetView.m in Sources */,
				FCE884BE1BC8E962003367DE /* TestViewController.m in Sources */,
				FCFB394D1BABE33D00E7CC23 /* MASCompositeConstraint.m in Sources */,
				FCFB39501BABE33D00E7CC23 /* MASLayoutConstraint.m in Sources */,
				FCFB39561BABE33D00E7CC23 /* ViewController+MASAdditions.m in Sources */,
			);
			runOnlyForDeploymentPostprocessing = 0;
		};
/* End PBXSourcesBuildPhase section */

/* Begin PBXVariantGroup section */
		FC3111081BA139AA008CA952 /* LaunchScreen.xib */ = {
			isa = PBXVariantGroup;
			children = (
				FC3111091BA139AA008CA952 /* Base */,
			);
			name = LaunchScreen.xib;
			sourceTree = "<group>";
		};
/* End PBXVariantGroup section */

/* Begin XCBuildConfiguration section */
		FC3111171BA139AA008CA952 /* Debug */ = {
			isa = XCBuildConfiguration;
			buildSettings = {
				ALWAYS_SEARCH_USER_PATHS = NO;
				CLANG_CXX_LANGUAGE_STANDARD = "gnu++0x";
				CLANG_CXX_LIBRARY = "libc++";
				CLANG_ENABLE_MODULES = YES;
				CLANG_ENABLE_OBJC_ARC = YES;
				CLANG_WARN_BOOL_CONVERSION = YES;
				CLANG_WARN_CONSTANT_CONVERSION = YES;
				CLANG_WARN_DIRECT_OBJC_ISA_USAGE = YES_ERROR;
				CLANG_WARN_EMPTY_BODY = YES;
				CLANG_WARN_ENUM_CONVERSION = YES;
				CLANG_WARN_INT_CONVERSION = YES;
				CLANG_WARN_OBJC_ROOT_CLASS = YES_ERROR;
				CLANG_WARN_UNREACHABLE_CODE = YES;
				CLANG_WARN__DUPLICATE_METHOD_MATCH = YES;
				"CODE_SIGN_IDENTITY[sdk=iphoneos*]" = "iPhone Developer";
				COPY_PHASE_STRIP = NO;
				DEBUG_INFORMATION_FORMAT = "dwarf-with-dsym";
				ENABLE_STRICT_OBJC_MSGSEND = YES;
				ENABLE_TESTABILITY = YES;
				GCC_C_LANGUAGE_STANDARD = gnu99;
				GCC_DYNAMIC_NO_PIC = NO;
				GCC_NO_COMMON_BLOCKS = YES;
				GCC_OPTIMIZATION_LEVEL = 0;
				GCC_PREPROCESSOR_DEFINITIONS = (
					"DEBUG=1",
					"$(inherited)",
				);
				GCC_SYMBOLS_PRIVATE_EXTERN = NO;
				GCC_WARN_64_TO_32_BIT_CONVERSION = YES;
				GCC_WARN_ABOUT_RETURN_TYPE = YES_ERROR;
				GCC_WARN_UNDECLARED_SELECTOR = YES;
				GCC_WARN_UNINITIALIZED_AUTOS = YES_AGGRESSIVE;
				GCC_WARN_UNUSED_FUNCTION = YES;
				GCC_WARN_UNUSED_VARIABLE = YES;
				IPHONEOS_DEPLOYMENT_TARGET = 7.0;
				MTL_ENABLE_DEBUG_INFO = YES;
				ONLY_ACTIVE_ARCH = YES;
				SDKROOT = iphoneos;
				TARGETED_DEVICE_FAMILY = "1,2";
			};
			name = Debug;
		};
		FC3111181BA139AA008CA952 /* Release */ = {
			isa = XCBuildConfiguration;
			buildSettings = {
				ALWAYS_SEARCH_USER_PATHS = NO;
				CLANG_CXX_LANGUAGE_STANDARD = "gnu++0x";
				CLANG_CXX_LIBRARY = "libc++";
				CLANG_ENABLE_MODULES = YES;
				CLANG_ENABLE_OBJC_ARC = YES;
				CLANG_WARN_BOOL_CONVERSION = YES;
				CLANG_WARN_CONSTANT_CONVERSION = YES;
				CLANG_WARN_DIRECT_OBJC_ISA_USAGE = YES_ERROR;
				CLANG_WARN_EMPTY_BODY = YES;
				CLANG_WARN_ENUM_CONVERSION = YES;
				CLANG_WARN_INT_CONVERSION = YES;
				CLANG_WARN_OBJC_ROOT_CLASS = YES_ERROR;
				CLANG_WARN_UNREACHABLE_CODE = YES;
				CLANG_WARN__DUPLICATE_METHOD_MATCH = YES;
				"CODE_SIGN_IDENTITY[sdk=iphoneos*]" = "iPhone Developer";
				COPY_PHASE_STRIP = NO;
				DEBUG_INFORMATION_FORMAT = "dwarf-with-dsym";
				ENABLE_NS_ASSERTIONS = NO;
				ENABLE_STRICT_OBJC_MSGSEND = YES;
				GCC_C_LANGUAGE_STANDARD = gnu99;
				GCC_NO_COMMON_BLOCKS = YES;
				GCC_WARN_64_TO_32_BIT_CONVERSION = YES;
				GCC_WARN_ABOUT_RETURN_TYPE = YES_ERROR;
				GCC_WARN_UNDECLARED_SELECTOR = YES;
				GCC_WARN_UNINITIALIZED_AUTOS = YES_AGGRESSIVE;
				GCC_WARN_UNUSED_FUNCTION = YES;
				GCC_WARN_UNUSED_VARIABLE = YES;
				IPHONEOS_DEPLOYMENT_TARGET = 7.0;
				MTL_ENABLE_DEBUG_INFO = NO;
				SDKROOT = iphoneos;
				TARGETED_DEVICE_FAMILY = "1,2";
				VALIDATE_PRODUCT = YES;
			};
			name = Release;
		};
		FC31111A1BA139AA008CA952 /* Debug */ = {
			isa = XCBuildConfiguration;
			buildSettings = {
				ASSETCATALOG_COMPILER_APPICON_NAME = AppIcon;
				INFOPLIST_FILE = LRLAVPalyer/Info.plist;
				IPHONEOS_DEPLOYMENT_TARGET = 7.0;
				LD_RUNPATH_SEARCH_PATHS = "$(inherited) @executable_path/Frameworks";
				PRODUCT_BUNDLE_IDENTIFIER = "codeWorm.$(PRODUCT_NAME:rfc1034identifier)";
				PRODUCT_NAME = "$(TARGET_NAME)";
				TARGETED_DEVICE_FAMILY = "1,2";
			};
			name = Debug;
		};
		FC31111B1BA139AA008CA952 /* Release */ = {
			isa = XCBuildConfiguration;
			buildSettings = {
				ASSETCATALOG_COMPILER_APPICON_NAME = AppIcon;
				INFOPLIST_FILE = LRLAVPalyer/Info.plist;
				IPHONEOS_DEPLOYMENT_TARGET = 7.0;
				LD_RUNPATH_SEARCH_PATHS = "$(inherited) @executable_path/Frameworks";
				PRODUCT_BUNDLE_IDENTIFIER = "codeWorm.$(PRODUCT_NAME:rfc1034identifier)";
				PRODUCT_NAME = "$(TARGET_NAME)";
				TARGETED_DEVICE_FAMILY = "1,2";
			};
			name = Release;
		};
/* End XCBuildConfiguration section */

/* Begin XCConfigurationList section */
		FC3110F11BA139AA008CA952 /* Build configuration list for PBXProject "LRLAVPalyer" */ = {
			isa = XCConfigurationList;
			buildConfigurations = (
				FC3111171BA139AA008CA952 /* Debug */,
				FC3111181BA139AA008CA952 /* Release */,
			);
			defaultConfigurationIsVisible = 0;
			defaultConfigurationName = Release;
		};
		FC3111191BA139AA008CA952 /* Build configuration list for PBXNativeTarget "LRLAVPalyer" */ = {
			isa = XCConfigurationList;
			buildConfigurations = (
				FC31111A1BA139AA008CA952 /* Debug */,
				FC31111B1BA139AA008CA952 /* Release */,
			);
			defaultConfigurationIsVisible = 0;
			defaultConfigurationName = Release;
		};
/* End XCConfigurationList section */
	};
	rootObject = FC3110EE1BA139AA008CA952 /* Project object */;
}
